// !$*UTF8*$!
{
	archiveVersion = 1;
	classes = {
	};
	objectVersion = 50;
	objects = {

/* Begin PBXBuildFile section */
		531A9FDC25F4DB7D0048E64B /* AppDelegate.swift in Sources */ = {isa = PBXBuildFile; fileRef = 531A9FDB25F4DB7D0048E64B /* AppDelegate.swift */; };
		531A9FDE25F4DB7D0048E64B /* SceneDelegate.swift in Sources */ = {isa = PBXBuildFile; fileRef = 531A9FDD25F4DB7D0048E64B /* SceneDelegate.swift */; };
		531A9FE325F4DB7D0048E64B /* Main.storyboard in Resources */ = {isa = PBXBuildFile; fileRef = 531A9FE125F4DB7D0048E64B /* Main.storyboard */; };
		531A9FE525F4DB820048E64B /* Assets.xcassets in Resources */ = {isa = PBXBuildFile; fileRef = 531A9FE425F4DB820048E64B /* Assets.xcassets */; };
		531A9FE825F4DB820048E64B /* LaunchScreen.storyboard in Resources */ = {isa = PBXBuildFile; fileRef = 531A9FE625F4DB820048E64B /* LaunchScreen.storyboard */; };
		531A9FF325F4E1C90048E64B /* InitViewController.swift in Sources */ = {isa = PBXBuildFile; fileRef = 531A9FF225F4E1C90048E64B /* InitViewController.swift */; };
		531A9FF725F4E2240048E64B /* TrackListTableViewController.swift in Sources */ = {isa = PBXBuildFile; fileRef = 531A9FF625F4E2240048E64B /* TrackListTableViewController.swift */; };
/* End PBXBuildFile section */

/* Begin PBXFileReference section */
		531A9FD825F4DB7D0048E64B /* AudioDB.app */ = {isa = PBXFileReference; explicitFileType = wrapper.application; includeInIndex = 0; path = AudioDB.app; sourceTree = BUILT_PRODUCTS_DIR; };
		531A9FDB25F4DB7D0048E64B /* AppDelegate.swift */ = {isa = PBXFileReference; lastKnownFileType = sourcecode.swift; path = AppDelegate.swift; sourceTree = "<group>"; };
		531A9FDD25F4DB7D0048E64B /* SceneDelegate.swift */ = {isa = PBXFileReference; lastKnownFileType = sourcecode.swift; path = SceneDelegate.swift; sourceTree = "<group>"; };
		531A9FE225F4DB7D0048E64B /* Base */ = {isa = PBXFileReference; lastKnownFileType = file.storyboard; name = Base; path = Base.lproj/Main.storyboard; sourceTree = "<group>"; };
		531A9FE425F4DB820048E64B /* Assets.xcassets */ = {isa = PBXFileReference; lastKnownFileType = folder.assetcatalog; path = Assets.xcassets; sourceTree = "<group>"; };
		531A9FE725F4DB820048E64B /* Base */ = {isa = PBXFileReference; lastKnownFileType = file.storyboard; name = Base; path = Base.lproj/LaunchScreen.storyboard; sourceTree = "<group>"; };
		531A9FE925F4DB820048E64B /* Info.plist */ = {isa = PBXFileReference; lastKnownFileType = text.plist.xml; path = Info.plist; sourceTree = "<group>"; };
		531A9FF225F4E1C90048E64B /* InitViewController.swift */ = {isa = PBXFileReference; lastKnownFileType = sourcecode.swift; path = InitViewController.swift; sourceTree = "<group>"; };
		531A9FF625F4E2240048E64B /* TrackListTableViewController.swift */ = {isa = PBXFileReference; lastKnownFileType = sourcecode.swift; path = TrackListTableViewController.swift; sourceTree = "<group>"; };
/* End PBXFileReference section */

/* Begin PBXFrameworksBuildPhase section */
		531A9FD525F4DB7D0048E64B /* Frameworks */ = {
			isa = PBXFrameworksBuildPhase;
			buildActionMask = 2147483647;
			files = (
			);
			runOnlyForDeploymentPostprocessing = 0;
		};
/* End PBXFrameworksBuildPhase section */

/* Begin PBXGroup section */
		531A9FCF25F4DB7D0048E64B = {
			isa = PBXGroup;
			children = (
				531A9FDA25F4DB7D0048E64B /* AudioDB */,
				531A9FD925F4DB7D0048E64B /* Products */,
			);
			sourceTree = "<group>";
		};
		531A9FD925F4DB7D0048E64B /* Products */ = {
			isa = PBXGroup;
			children = (
				531A9FD825F4DB7D0048E64B /* AudioDB.app */,
			);
			name = Products;
			sourceTree = "<group>";
		};
		531A9FDA25F4DB7D0048E64B /* AudioDB */ = {
			isa = PBXGroup;
			children = (
				531A9FDB25F4DB7D0048E64B /* AppDelegate.swift */,
				531A9FDD25F4DB7D0048E64B /* SceneDelegate.swift */,
				531A9FF225F4E1C90048E64B /* InitViewController.swift */,
				531A9FF625F4E2240048E64B /* TrackListTableViewController.swift */,
				531A9FE125F4DB7D0048E64B /* Main.storyboard */,
				531A9FE425F4DB820048E64B /* Assets.xcassets */,
				531A9FE625F4DB820048E64B /* LaunchScreen.storyboard */,
				531A9FE925F4DB820048E64B /* Info.plist */,
			);
			path = AudioDB;
			sourceTree = "<group>";
		};
/* End PBXGroup section */

/* Begin PBXNativeTarget section */
		531A9FD725F4DB7D0048E64B /* AudioDB */ = {
			isa = PBXNativeTarget;
			buildConfigurationList = 531A9FEC25F4DB820048E64B /* Build configuration list for PBXNativeTarget "AudioDB" */;
			buildPhases = (
				531A9FD425F4DB7D0048E64B /* Sources */,
				531A9FD525F4DB7D0048E64B /* Frameworks */,
				531A9FD625F4DB7D0048E64B /* Resources */,
			);
			buildRules = (
			);
			dependencies = (
			);
			name = AudioDB;
			productName = AudioDB;
			productReference = 531A9FD825F4DB7D0048E64B /* AudioDB.app */;
			productType = "com.apple.product-type.application";
		};
/* End PBXNativeTarget section */

/* Begin PBXProject section */
		531A9FD025F4DB7D0048E64B /* Project object */ = {
			isa = PBXProject;
			attributes = {
				LastSwiftUpdateCheck = 1240;
				LastUpgradeCheck = 1240;
				TargetAttributes = {
					531A9FD725F4DB7D0048E64B = {
						CreatedOnToolsVersion = 12.4;
					};
				};
			};
			buildConfigurationList = 531A9FD325F4DB7D0048E64B /* Build configuration list for PBXProject "AudioDB" */;
			compatibilityVersion = "Xcode 9.3";
			developmentRegion = en;
			hasScannedForEncodings = 0;
			knownRegions = (
				en,
				Base,
			);
			mainGroup = 531A9FCF25F4DB7D0048E64B;
			productRefGroup = 531A9FD925F4DB7D0048E64B /* Products */;
			projectDirPath = "";
			projectRoot = "";
			targets = (
				531A9FD725F4DB7D0048E64B /* AudioDB */,
			);
		};
/* End PBXProject section */

/* Begin PBXResourcesBuildPhase section */
		531A9FD625F4DB7D0048E64B /* Resources */ = {
			isa = PBXResourcesBuildPhase;
			buildActionMask = 2147483647;
			files = (
				531A9FE825F4DB820048E64B /* LaunchScreen.storyboard in Resources */,
				531A9FE525F4DB820048E64B /* Assets.xcassets in Resources */,
				531A9FE325F4DB7D0048E64B /* Main.storyboard in Resources */,
			);
			runOnlyForDeploymentPostprocessing = 0;
		};
/* End PBXResourcesBuildPhase section */

/* Begin PBXSourcesBuildPhase section */
		531A9FD425F4DB7D0048E64B /* Sources */ = {
			isa = PBXSourcesBuildPhase;
			buildActionMask = 2147483647;
			files = (
				531A9FDC25F4DB7D0048E64B /* AppDelegate.swift in Sources */,
				531A9FF725F4E2240048E64B /* TrackListTableViewController.swift in Sources */,
				531A9FDE25F4DB7D0048E64B /* SceneDelegate.swift in Sources */,
				531A9FF325F4E1C90048E64B /* InitViewController.swift in Sources */,
			);
			runOnlyForDeploymentPostprocessing = 0;
		};
/* End PBXSourcesBuildPhase section */

/* Begin PBXVariantGroup section */
		531A9FE125F4DB7D0048E64B /* Main.storyboard */ = {
			isa = PBXVariantGroup;
			children = (
				531A9FE225F4DB7D0048E64B /* Base */,
			);
			name = Main.storyboard;
			sourceTree = "<group>";
		};
		531A9FE625F4DB820048E64B /* LaunchScreen.storyboard */ = {
			isa = PBXVariantGroup;
			children = (
				531A9FE725F4DB820048E64B /* Base */,
			);
			name = LaunchScreen.storyboard;
			sourceTree = "<group>";
		};
/* End PBXVariantGroup section */

/* Begin XCBuildConfiguration section */
		531A9FEA25F4DB820048E64B /* Debug */ = {
			isa = XCBuildConfiguration;
			buildSettings = {
				ALWAYS_SEARCH_USER_PATHS = NO;
				CLANG_ANALYZER_NONNULL = YES;
				CLANG_ANALYZER_NUMBER_OBJECT_CONVERSION = YES_AGGRESSIVE;
				CLANG_CXX_LANGUAGE_STANDARD = "gnu++14";
				CLANG_CXX_LIBRARY = "libc++";
				CLANG_ENABLE_MODULES = YES;
				CLANG_ENABLE_OBJC_ARC = YES;
				CLANG_ENABLE_OBJC_WEAK = YES;
				CLANG_WARN_BLOCK_CAPTURE_AUTORELEASING = YES;
				CLANG_WARN_BOOL_CONVERSION = YES;
				CLANG_WARN_COMMA = YES;
				CLANG_WARN_CONSTANT_CONVERSION = YES;
				CLANG_WARN_DEPRECATED_OBJC_IMPLEMENTATIONS = YES;
				CLANG_WARN_DIRECT_OBJC_ISA_USAGE = YES_ERROR;
				CLANG_WARN_DOCUMENTATION_COMMENTS = YES;
				CLANG_WARN_EMPTY_BODY = YES;
				CLANG_WARN_ENUM_CONVERSION = YES;
				CLANG_WARN_INFINITE_RECURSION = YES;
				CLANG_WARN_INT_CONVERSION = YES;
				CLANG_WARN_NON_LITERAL_NULL_CONVERSION = YES;
				CLANG_WARN_OBJC_IMPLICIT_RETAIN_SELF = YES;
				CLANG_WARN_OBJC_LITERAL_CONVERSION = YES;
				CLANG_WARN_OBJC_ROOT_CLASS = YES_ERROR;
				CLANG_WARN_QUOTED_INCLUDE_IN_FRAMEWORK_HEADER = YES;
				CLANG_WARN_RANGE_LOOP_ANALYSIS = YES;
				CLANG_WARN_STRICT_PROTOTYPES = YES;
				CLANG_WARN_SUSPICIOUS_MOVE = YES;
				CLANG_WARN_UNGUARDED_AVAILABILITY = YES_AGGRESSIVE;
				CLANG_WARN_UNREACHABLE_CODE = YES;
				CLANG_WARN__DUPLICATE_METHOD_MATCH = YES;
				COPY_PHASE_STRIP = NO;
				DEBUG_INFORMATION_FORMAT = dwarf;
				ENABLE_STRICT_OBJC_MSGSEND = YES;
				ENABLE_TESTABILITY = YES;
				GCC_C_LANGUAGE_STANDARD = gnu11;
				GCC_DYNAMIC_NO_PIC = NO;
				GCC_NO_COMMON_BLOCKS = YES;
				GCC_OPTIMIZATION_LEVEL = 0;
				GCC_PREPROCESSOR_DEFINITIONS = (
					"DEBUG=1",
					"$(inherited)",
				);
				GCC_WARN_64_TO_32_BIT_CONVERSION = YES;
				GCC_WARN_ABOUT_RETURN_TYPE = YES_ERROR;
				GCC_WARN_UNDECLARED_SELECTOR = YES;
				GCC_WARN_UNINITIALIZED_AUTOS = YES_AGGRESSIVE;
				GCC_WARN_UNUSED_FUNCTION = YES;
				GCC_WARN_UNUSED_VARIABLE = YES;
				IPHONEOS_DEPLOYMENT_TARGET = 14.4;
				MTL_ENABLE_DEBUG_INFO = INCLUDE_SOURCE;
				MTL_FAST_MATH = YES;
				ONLY_ACTIVE_ARCH = YES;
				SDKROOT = iphoneos;
				SWIFT_ACTIVE_COMPILATION_CONDITIONS = DEBUG;
				SWIFT_OPTIMIZATION_LEVEL = "-Onone";
			};
			name = Debug;
		};
		531A9FEB25F4DB820048E64B /* Release */ = {
			isa = XCBuildConfiguration;
			buildSettings = {
				ALWAYS_SEARCH_USER_PATHS = NO;
				CLANG_ANALYZER_NONNULL = YES;
				CLANG_ANALYZER_NUMBER_OBJECT_CONVERSION = YES_AGGRESSIVE;
				CLANG_CXX_LANGUAGE_STANDARD = "gnu++14";
				CLANG_CXX_LIBRARY = "libc++";
				CLANG_ENABLE_MODULES = YES;
				CLANG_ENABLE_OBJC_ARC = YES;
				CLANG_ENABLE_OBJC_WEAK = YES;
				CLANG_WARN_BLOCK_CAPTURE_AUTORELEASING = YES;
				CLANG_WARN_BOOL_CONVERSION = YES;
				CLANG_WARN_COMMA = YES;
				CLANG_WARN_CONSTANT_CONVERSION = YES;
				CLANG_WARN_DEPRECATED_OBJC_IMPLEMENTATIONS = YES;
				CLANG_WARN_DIRECT_OBJC_ISA_USAGE = YES_ERROR;
				CLANG_WARN_DOCUMENTATION_COMMENTS = YES;
				CLANG_WARN_EMPTY_BODY = YES;
				CLANG_WARN_ENUM_CONVERSION = YES;
				CLANG_WARN_INFINITE_RECURSION = YES;
				CLANG_WARN_INT_CONVERSION = YES;
				CLANG_WARN_NON_LITERAL_NULL_CONVERSION = YES;
				CLANG_WARN_OBJC_IMPLICIT_RETAIN_SELF = YES;
				CLANG_WARN_OBJC_LITERAL_CONVERSION = YES;
				CLANG_WARN_OBJC_ROOT_CLASS = YES_ERROR;
				CLANG_WARN_QUOTED_INCLUDE_IN_FRAMEWORK_HEADER = YES;
				CLANG_WARN_RANGE_LOOP_ANALYSIS = YES;
				CLANG_WARN_STRICT_PROTOTYPES = YES;
				CLANG_WARN_SUSPICIOUS_MOVE = YES;
				CLANG_WARN_UNGUARDED_AVAILABILITY = YES_AGGRESSIVE;
				CLANG_WARN_UNREACHABLE_CODE = YES;
				CLANG_WARN__DUPLICATE_METHOD_MATCH = YES;
				COPY_PHASE_STRIP = NO;
				DEBUG_INFORMATION_FORMAT = "dwarf-with-dsym";
				ENABLE_NS_ASSERTIONS = NO;
				ENABLE_STRICT_OBJC_MSGSEND = YES;
				GCC_C_LANGUAGE_STANDARD = gnu11;
				GCC_NO_COMMON_BLOCKS = YES;
				GCC_WARN_64_TO_32_BIT_CONVERSION = YES;
				GCC_WARN_ABOUT_RETURN_TYPE = YES_ERROR;
				GCC_WARN_UNDECLARED_SELECTOR = YES;
				GCC_WARN_UNINITIALIZED_AUTOS = YES_AGGRESSIVE;
				GCC_WARN_UNUSED_FUNCTION = YES;
				GCC_WARN_UNUSED_VARIABLE = YES;
				IPHONEOS_DEPLOYMENT_TARGET = 14.4;
				MTL_ENABLE_DEBUG_INFO = NO;
				MTL_FAST_MATH = YES;
				SDKROOT = iphoneos;
				SWIFT_COMPILATION_MODE = wholemodule;
				SWIFT_OPTIMIZATION_LEVEL = "-O";
				VALIDATE_PRODUCT = YES;
			};
			name = Release;
		};
		531A9FED25F4DB820048E64B /* Debug */ = {
			isa = XCBuildConfiguration;
			buildSettings = {
				ASSETCATALOG_COMPILER_APPICON_NAME = AppIcon;
				ASSETCATALOG_COMPILER_GLOBAL_ACCENT_COLOR_NAME = AccentColor;
				CODE_SIGN_STYLE = Automatic;
				DEVELOPMENT_TEAM = 46GSK847SZ;
				INFOPLIST_FILE = AudioDB/Info.plist;
				LD_RUNPATH_SEARCH_PATHS = (
					"$(inherited)",
					"@executable_path/Frameworks",
				);
				PRODUCT_BUNDLE_IDENTIFIER = NikitaZharinov.AudioDB;
				PRODUCT_NAME = "$(TARGET_NAME)";
				SWIFT_VERSION = 5.0;
				TARGETED_DEVICE_FAMILY = 1;
			};
			name = Debug;
		};
		531A9FEE25F4DB820048E64B /* Release */ = {
			isa = XCBuildConfiguration;
			buildSettings = {
				ASSETCATALOG_COMPILER_APPICON_NAME = AppIcon;
				ASSETCATALOG_COMPILER_GLOBAL_ACCENT_COLOR_NAME = AccentColor;
				CODE_SIGN_STYLE = Automatic;
				DEVELOPMENT_TEAM = 46GSK847SZ;
				INFOPLIST_FILE = AudioDB/Info.plist;
				LD_RUNPATH_SEARCH_PATHS = (
					"$(inherited)",
					"@executable_path/Frameworks",
				);
				PRODUCT_BUNDLE_IDENTIFIER = NikitaZharinov.AudioDB;
				PRODUCT_NAME = "$(TARGET_NAME)";
				SWIFT_VERSION = 5.0;
				TARGETED_DEVICE_FAMILY = 1;
			};
			name = Release;
		};
/* End XCBuildConfiguration section */

/* Begin XCConfigurationList section */
		531A9FD325F4DB7D0048E64B /* Build configuration list for PBXProject "AudioDB" */ = {
			isa = XCConfigurationList;
			buildConfigurations = (
				531A9FEA25F4DB820048E64B /* Debug */,
				531A9FEB25F4DB820048E64B /* Release */,
			);
			defaultConfigurationIsVisible = 0;
			defaultConfigurationName = Release;
		};
		531A9FEC25F4DB820048E64B /* Build configuration list for PBXNativeTarget "AudioDB" */ = {
			isa = XCConfigurationList;
			buildConfigurations = (
				531A9FED25F4DB820048E64B /* Debug */,
				531A9FEE25F4DB820048E64B /* Release */,
			);
			defaultConfigurationIsVisible = 0;
			defaultConfigurationName = Release;
		};
/* End XCConfigurationList section */
	};
	rootObject = 531A9FD025F4DB7D0048E64B /* Project object */;
}
